<?xml version="1.0" encoding="utf-8"?>
<Project ToolsVersion="4.0" xmlns="http://schemas.microsoft.com/developer/msbuild/2003">
  <ItemGroup>
    <ClCompile Include="main.cpp" />
    <ClCompile Include="security.cpp" />
    <ClCompile Include="memory.cpp" />
  </ItemGroup>
  <ItemGroup>
    <Filter Include="EchoAuth">
      <UniqueIdentifier>{05cc481b-1516-4419-8a5a-f676b831f1ad}</UniqueIdentifier>
    </Filter>
  </ItemGroup>
  <ItemGroup>
    <ClInclude Include="echoauth\client.hpp">
      <Filter>EchoAuth</Filter>
    </ClInclude>
    <ClInclude Include="echoauth\crypto.hpp">
      <Filter>EchoAuth</Filter>
    </ClInclude>
    <ClInclude Include="echoauth\exceptions.hpp">
      <Filter>EchoAuth</Filter>
    </ClInclude>
    <ClInclude Include="echoauth\memory.hpp">
      <Filter>EchoAuth</Filter>
    </ClInclude>
    <ClInclude Include="echoauth\security.hpp">
      <Filter>EchoAuth</Filter>
    </ClInclude>
    <ClInclude Include="echoauth\process_monitor.hpp">
      <Filter>EchoAuth</Filter>
    </ClInclude>
    <ClInclude Include="echoauth\string_encryption.hpp">
      <Filter>EchoAuth</Filter>
    </ClInclude>
    <ClInclude Include="echoauth\response.hpp">
      <Filter>EchoAuth</Filter>
    </ClInclude>
    <ClInclude Include="echoauth\echoauth.hpp">
      <Filter>EchoAuth</Filter>
    </ClInclude>
  </ItemGroup>
</Project>